// !$*UTF8*$!
{
	archiveVersion = 1;
	classes = {
	};
	objectVersion = 77;
	objects = {

/* Begin PBXBuildFile section */
		1D19539D2D56C74B00460186 /* LegionTestApp.swift in Sources */ = {isa = PBXBuildFile; fileRef = 1D19539A2D56C74B00460186 /* LegionTestApp.swift */; };
		1D19539E2D56C74B00460186 /* Preview Assets.xcassets in Resources */ = {isa = PBXBuildFile; fileRef = 1D1953962D56C74B00460186 /* Preview Assets.xcassets */; };
		1D19539F2D56C74B00460186 /* Assets.xcassets in Resources */ = {isa = PBXBuildFile; fileRef = 1D1953982D56C74B00460186 /* Assets.xcassets */; };
		1D1953A32D56CBD900460186 /* GithubAPI.swift in Sources */ = {isa = PBXBuildFile; fileRef = 1D1953A22D56CBD500460186 /* GithubAPI.swift */; };
		1D1953B02D56CD8E00460186 /* NetworkManager.swift in Sources */ = {isa = PBXBuildFile; fileRef = 1D1953AF2D56CD8B00460186 /* NetworkManager.swift */; };
		1D1953B32D56CF9800460186 /* SearchView.swift in Sources */ = {isa = PBXBuildFile; fileRef = 1D1953B22D56CF9400460186 /* SearchView.swift */; };
		1D1953B52D56DFCA00460186 /* CollectionView.swift in Sources */ = {isa = PBXBuildFile; fileRef = 1D1953B42D56DFC500460186 /* CollectionView.swift */; };
		1D1953BE2D56EE6E00460186 /* SearchResponce.swift in Sources */ = {isa = PBXBuildFile; fileRef = 1D1953BD2D56EE6900460186 /* SearchResponce.swift */; };
		1D1953C02D56F50600460186 /* RepoModel.swift in Sources */ = {isa = PBXBuildFile; fileRef = 1D1953BF2D56F50300460186 /* RepoModel.swift */; };
		1D1CD8992D5C8F23006F8CFB /* UserResponce.swift in Sources */ = {isa = PBXBuildFile; fileRef = 1D1CD8982D5C8F18006F8CFB /* UserResponce.swift */; };
		1D300FCB2D5ED24A00708579 /* UserModel.swift in Sources */ = {isa = PBXBuildFile; fileRef = 1D300FCA2D5ED24700708579 /* UserModel.swift */; };
		B5C0A3CC2D70AB3D00BBB1A0 /* ComposableArchitecture in Frameworks */ = {isa = PBXBuildFile; productRef = B5C0A3CB2D70AB3D00BBB1A0 /* ComposableArchitecture */; };
		B5C0A3CF2D70AB4300BBB1A0 /* Sharing in Frameworks */ = {isa = PBXBuildFile; productRef = B5C0A3CE2D70AB4300BBB1A0 /* Sharing */; };
		B5C0A3DD2D70AB6E00BBB1A0 /* AppView.swift in Sources */ = {isa = PBXBuildFile; fileRef = B5C0A3DC2D70AB6E00BBB1A0 /* AppView.swift */; };
		B5C0A3DF2D70AB8000BBB1A0 /* AppReducer.swift in Sources */ = {isa = PBXBuildFile; fileRef = B5C0A3DE2D70AB8000BBB1A0 /* AppReducer.swift */; };
		B5C0A3E52D70AB9100BBB1A0 /* ListMainReducer.swift in Sources */ = {isa = PBXBuildFile; fileRef = B5C0A3E02D70AB9100BBB1A0 /* ListMainReducer.swift */; };
		B5C0A3E62D70AB9100BBB1A0 /* ListUIReducer.swift in Sources */ = {isa = PBXBuildFile; fileRef = B5C0A3E22D70AB9100BBB1A0 /* ListUIReducer.swift */; };
		B5C0A3E72D70AB9100BBB1A0 /* ListReducer.swift in Sources */ = {isa = PBXBuildFile; fileRef = B5C0A3E32D70AB9100BBB1A0 /* ListReducer.swift */; };
		B5C0A3E82D70AB9100BBB1A0 /* ListRequestReducer.swift in Sources */ = {isa = PBXBuildFile; fileRef = B5C0A3E12D70AB9100BBB1A0 /* ListRequestReducer.swift */; };
		B5C0A3EA2D70AB9A00BBB1A0 /* ListView.swift in Sources */ = {isa = PBXBuildFile; fileRef = B5C0A3E92D70AB9A00BBB1A0 /* ListView.swift */; };
		B5C0A3F12D70ABB700BBB1A0 /* DetailsRequestReducer.swift in Sources */ = {isa = PBXBuildFile; fileRef = B5C0A3ED2D70ABB700BBB1A0 /* DetailsRequestReducer.swift */; };
		B5C0A3F22D70ABB700BBB1A0 /* DetailsMainReducer.swift in Sources */ = {isa = PBXBuildFile; fileRef = B5C0A3EB2D70ABB700BBB1A0 /* DetailsMainReducer.swift */; };
		B5C0A3F32D70ABB700BBB1A0 /* DetailsReducer.swift in Sources */ = {isa = PBXBuildFile; fileRef = B5C0A3EF2D70ABB700BBB1A0 /* DetailsReducer.swift */; };
		B5C0A3F42D70ABB700BBB1A0 /* DetailsDataReducer.swift in Sources */ = {isa = PBXBuildFile; fileRef = B5C0A3EC2D70ABB700BBB1A0 /* DetailsDataReducer.swift */; };
		B5C0A3F52D70ABB700BBB1A0 /* DetailsUIReducer.swift in Sources */ = {isa = PBXBuildFile; fileRef = B5C0A3EE2D70ABB700BBB1A0 /* DetailsUIReducer.swift */; };
		B5C0A3F72D70ABBC00BBB1A0 /* DetailsView.swift in Sources */ = {isa = PBXBuildFile; fileRef = B5C0A3F62D70ABBC00BBB1A0 /* DetailsView.swift */; };
		B5C0A3FD2D70ABCB00BBB1A0 /* FavoritesReducer.swift in Sources */ = {isa = PBXBuildFile; fileRef = B5C0A3FB2D70ABCB00BBB1A0 /* FavoritesReducer.swift */; };
		B5C0A3FE2D70ABCB00BBB1A0 /* FavoritesUIReducer.swift in Sources */ = {isa = PBXBuildFile; fileRef = B5C0A3FA2D70ABCB00BBB1A0 /* FavoritesUIReducer.swift */; };
		B5C0A3FF2D70ABCB00BBB1A0 /* FavoritesMainReducer.swift in Sources */ = {isa = PBXBuildFile; fileRef = B5C0A3F82D70ABCB00BBB1A0 /* FavoritesMainReducer.swift */; };
		B5C0A4002D70ABCB00BBB1A0 /* FavoritesDataReducer.swift in Sources */ = {isa = PBXBuildFile; fileRef = B5C0A3F92D70ABCB00BBB1A0 /* FavoritesDataReducer.swift */; };
		B5C0A4022D70ABD000BBB1A0 /* FavoritesView.swift in Sources */ = {isa = PBXBuildFile; fileRef = B5C0A4012D70ABD000BBB1A0 /* FavoritesView.swift */; };
		B5C0A4052D70AC2B00BBB1A0 /* DataManager.swift in Sources */ = {isa = PBXBuildFile; fileRef = B5C0A4042D70AC2B00BBB1A0 /* DataManager.swift */; };
/* End PBXBuildFile section */

/* Begin PBXCopyFilesBuildPhase section */
		1D1953BA2D56E3D300460186 /* Embed Frameworks */ = {
			isa = PBXCopyFilesBuildPhase;
			buildActionMask = 2147483647;
			dstPath = "";
			dstSubfolderSpec = 10;
			files = (
			);
			name = "Embed Frameworks";
			runOnlyForDeploymentPostprocessing = 0;
		};
/* End PBXCopyFilesBuildPhase section */

/* Begin PBXFileReference section */
		1D1953852D56C74200460186 /* LegionTest.app */ = {isa = PBXFileReference; explicitFileType = wrapper.application; includeInIndex = 0; path = LegionTest.app; sourceTree = BUILT_PRODUCTS_DIR; };
		1D1953962D56C74B00460186 /* Preview Assets.xcassets */ = {isa = PBXFileReference; lastKnownFileType = folder.assetcatalog; path = "Preview Assets.xcassets"; sourceTree = "<group>"; };
		1D1953982D56C74B00460186 /* Assets.xcassets */ = {isa = PBXFileReference; lastKnownFileType = folder.assetcatalog; path = Assets.xcassets; sourceTree = "<group>"; };
		1D19539A2D56C74B00460186 /* LegionTestApp.swift */ = {isa = PBXFileReference; lastKnownFileType = sourcecode.swift; path = LegionTestApp.swift; sourceTree = "<group>"; };
		1D1953A22D56CBD500460186 /* GithubAPI.swift */ = {isa = PBXFileReference; lastKnownFileType = sourcecode.swift; path = GithubAPI.swift; sourceTree = "<group>"; };
		1D1953AF2D56CD8B00460186 /* NetworkManager.swift */ = {isa = PBXFileReference; lastKnownFileType = sourcecode.swift; path = NetworkManager.swift; sourceTree = "<group>"; };
		1D1953B22D56CF9400460186 /* SearchView.swift */ = {isa = PBXFileReference; lastKnownFileType = sourcecode.swift; path = SearchView.swift; sourceTree = "<group>"; };
		1D1953B42D56DFC500460186 /* CollectionView.swift */ = {isa = PBXFileReference; lastKnownFileType = sourcecode.swift; path = CollectionView.swift; sourceTree = "<group>"; };
		1D1953BD2D56EE6900460186 /* SearchResponce.swift */ = {isa = PBXFileReference; lastKnownFileType = sourcecode.swift; path = SearchResponce.swift; sourceTree = "<group>"; };
		1D1953BF2D56F50300460186 /* RepoModel.swift */ = {isa = PBXFileReference; lastKnownFileType = sourcecode.swift; path = RepoModel.swift; sourceTree = "<group>"; };
		1D1CD8982D5C8F18006F8CFB /* UserResponce.swift */ = {isa = PBXFileReference; lastKnownFileType = sourcecode.swift; path = UserResponce.swift; sourceTree = "<group>"; };
		1D300FCA2D5ED24700708579 /* UserModel.swift */ = {isa = PBXFileReference; lastKnownFileType = sourcecode.swift; path = UserModel.swift; sourceTree = "<group>"; };
		B5C0A3DC2D70AB6E00BBB1A0 /* AppView.swift */ = {isa = PBXFileReference; lastKnownFileType = sourcecode.swift; path = AppView.swift; sourceTree = "<group>"; };
		B5C0A3DE2D70AB8000BBB1A0 /* AppReducer.swift */ = {isa = PBXFileReference; lastKnownFileType = sourcecode.swift; path = AppReducer.swift; sourceTree = "<group>"; };
		B5C0A3E02D70AB9100BBB1A0 /* ListMainReducer.swift */ = {isa = PBXFileReference; lastKnownFileType = sourcecode.swift; path = ListMainReducer.swift; sourceTree = "<group>"; };
		B5C0A3E12D70AB9100BBB1A0 /* ListRequestReducer.swift */ = {isa = PBXFileReference; lastKnownFileType = sourcecode.swift; path = ListRequestReducer.swift; sourceTree = "<group>"; };
		B5C0A3E22D70AB9100BBB1A0 /* ListUIReducer.swift */ = {isa = PBXFileReference; lastKnownFileType = sourcecode.swift; path = ListUIReducer.swift; sourceTree = "<group>"; };
		B5C0A3E32D70AB9100BBB1A0 /* ListReducer.swift */ = {isa = PBXFileReference; lastKnownFileType = sourcecode.swift; path = ListReducer.swift; sourceTree = "<group>"; };
		B5C0A3E92D70AB9A00BBB1A0 /* ListView.swift */ = {isa = PBXFileReference; lastKnownFileType = sourcecode.swift; path = ListView.swift; sourceTree = "<group>"; };
		B5C0A3EB2D70ABB700BBB1A0 /* DetailsMainReducer.swift */ = {isa = PBXFileReference; lastKnownFileType = sourcecode.swift; path = DetailsMainReducer.swift; sourceTree = "<group>"; };
		B5C0A3EC2D70ABB700BBB1A0 /* DetailsDataReducer.swift */ = {isa = PBXFileReference; lastKnownFileType = sourcecode.swift; path = DetailsDataReducer.swift; sourceTree = "<group>"; };
		B5C0A3ED2D70ABB700BBB1A0 /* DetailsRequestReducer.swift */ = {isa = PBXFileReference; lastKnownFileType = sourcecode.swift; path = DetailsRequestReducer.swift; sourceTree = "<group>"; };
		B5C0A3EE2D70ABB700BBB1A0 /* DetailsUIReducer.swift */ = {isa = PBXFileReference; lastKnownFileType = sourcecode.swift; path = DetailsUIReducer.swift; sourceTree = "<group>"; };
		B5C0A3EF2D70ABB700BBB1A0 /* DetailsReducer.swift */ = {isa = PBXFileReference; lastKnownFileType = sourcecode.swift; path = DetailsReducer.swift; sourceTree = "<group>"; };
		B5C0A3F62D70ABBC00BBB1A0 /* DetailsView.swift */ = {isa = PBXFileReference; lastKnownFileType = sourcecode.swift; path = DetailsView.swift; sourceTree = "<group>"; };
		B5C0A3F82D70ABCB00BBB1A0 /* FavoritesMainReducer.swift */ = {isa = PBXFileReference; lastKnownFileType = sourcecode.swift; path = FavoritesMainReducer.swift; sourceTree = "<group>"; };
		B5C0A3F92D70ABCB00BBB1A0 /* FavoritesDataReducer.swift */ = {isa = PBXFileReference; lastKnownFileType = sourcecode.swift; path = FavoritesDataReducer.swift; sourceTree = "<group>"; };
		B5C0A3FA2D70ABCB00BBB1A0 /* FavoritesUIReducer.swift */ = {isa = PBXFileReference; lastKnownFileType = sourcecode.swift; path = FavoritesUIReducer.swift; sourceTree = "<group>"; };
		B5C0A3FB2D70ABCB00BBB1A0 /* FavoritesReducer.swift */ = {isa = PBXFileReference; lastKnownFileType = sourcecode.swift; path = FavoritesReducer.swift; sourceTree = "<group>"; };
		B5C0A4012D70ABD000BBB1A0 /* FavoritesView.swift */ = {isa = PBXFileReference; lastKnownFileType = sourcecode.swift; path = FavoritesView.swift; sourceTree = "<group>"; };
		B5C0A4042D70AC2B00BBB1A0 /* DataManager.swift */ = {isa = PBXFileReference; lastKnownFileType = sourcecode.swift; path = DataManager.swift; sourceTree = "<group>"; };
/* End PBXFileReference section */

/* Begin PBXFrameworksBuildPhase section */
		1D1953822D56C74200460186 /* Frameworks */ = {
			isa = PBXFrameworksBuildPhase;
			buildActionMask = 2147483647;
			files = (
				B5C0A3CF2D70AB4300BBB1A0 /* Sharing in Frameworks */,
				B5C0A3CC2D70AB3D00BBB1A0 /* ComposableArchitecture in Frameworks */,
			);
			runOnlyForDeploymentPostprocessing = 0;
		};
/* End PBXFrameworksBuildPhase section */

/* Begin PBXGroup section */
		1D19537C2D56C74200460186 = {
			isa = PBXGroup;
			children = (
				1D19539B2D56C74B00460186 /* LegionTest */,
				1D1953862D56C74200460186 /* Products */,
			);
			sourceTree = "<group>";
		};
		1D1953862D56C74200460186 /* Products */ = {
			isa = PBXGroup;
			children = (
				1D1953852D56C74200460186 /* LegionTest.app */,
			);
			name = Products;
			sourceTree = "<group>";
		};
		1D19539B2D56C74B00460186 /* LegionTest */ = {
			isa = PBXGroup;
			children = (
				1D1953C12D56F92800460186 /* App */,
				1D1953A12D56C85E00460186 /* Modules */,
				1D1953B12D56CF8D00460186 /* Views */,
				1D1953A72D56CD4500460186 /* Services */,
				1D1953A02D56C7FF00460186 /* Resources */,
			);
			path = LegionTest;
			sourceTree = "<group>";
		};
		1D1953A02D56C7FF00460186 /* Resources */ = {
			isa = PBXGroup;
			children = (
				1D1953962D56C74B00460186 /* Preview Assets.xcassets */,
				1D1953982D56C74B00460186 /* Assets.xcassets */,
			);
			path = Resources;
			sourceTree = "<group>";
		};
		1D1953A12D56C85E00460186 /* Modules */ = {
			isa = PBXGroup;
			children = (
				1D1953A42D56CD0200460186 /* List */,
				1D1953A92D56CD5B00460186 /* Details */,
				1D1953A82D56CD5000460186 /* Favorites */,
			);
			path = Modules;
			sourceTree = "<group>";
		};
		1D1953A42D56CD0200460186 /* List */ = {
			isa = PBXGroup;
			children = (
				B5C0A3E42D70AB9100BBB1A0 /* Reducers */,
				B5C0A3E92D70AB9A00BBB1A0 /* ListView.swift */,
			);
			path = List;
			sourceTree = "<group>";
		};
		1D1953A72D56CD4500460186 /* Services */ = {
			isa = PBXGroup;
			children = (
				B5C0A4032D70AC2300BBB1A0 /* Data */,
				1D1953BB2D56EA7100460186 /* Networking */,
			);
			path = Services;
			sourceTree = "<group>";
		};
		1D1953A82D56CD5000460186 /* Favorites */ = {
			isa = PBXGroup;
			children = (
				B5C0A3FC2D70ABCB00BBB1A0 /* Reducers */,
				B5C0A4012D70ABD000BBB1A0 /* FavoritesView.swift */,
			);
			path = Favorites;
			sourceTree = "<group>";
		};
		1D1953A92D56CD5B00460186 /* Details */ = {
			isa = PBXGroup;
			children = (
				B5C0A3F62D70ABBC00BBB1A0 /* DetailsView.swift */,
				B5C0A3F02D70ABB700BBB1A0 /* Reducers */,
			);
			path = Details;
			sourceTree = "<group>";
		};
		1D1953B12D56CF8D00460186 /* Views */ = {
			isa = PBXGroup;
			children = (
				1D1953B42D56DFC500460186 /* CollectionView.swift */,
				1D1953B22D56CF9400460186 /* SearchView.swift */,
			);
			path = Views;
			sourceTree = "<group>";
		};
		1D1953BB2D56EA7100460186 /* Networking */ = {
			isa = PBXGroup;
			children = (
				1D1953BC2D56EE6000460186 /* Models */,
				1D1953A22D56CBD500460186 /* GithubAPI.swift */,
				1D1953AF2D56CD8B00460186 /* NetworkManager.swift */,
			);
			path = Networking;
			sourceTree = "<group>";
		};
		1D1953BC2D56EE6000460186 /* Models */ = {
			isa = PBXGroup;
			children = (
				1D300FCA2D5ED24700708579 /* UserModel.swift */,
				1D1CD8982D5C8F18006F8CFB /* UserResponce.swift */,
				1D1953BF2D56F50300460186 /* RepoModel.swift */,
				1D1953BD2D56EE6900460186 /* SearchResponce.swift */,
			);
			path = Models;
			sourceTree = "<group>";
		};
		1D1953C12D56F92800460186 /* App */ = {
			isa = PBXGroup;
			children = (
				1D19539A2D56C74B00460186 /* LegionTestApp.swift */,
				B5C0A3DC2D70AB6E00BBB1A0 /* AppView.swift */,
				B5C0A3DE2D70AB8000BBB1A0 /* AppReducer.swift */,
			);
			path = App;
			sourceTree = "<group>";
		};
		B5C0A3E42D70AB9100BBB1A0 /* Reducers */ = {
			isa = PBXGroup;
			children = (
				B5C0A3E02D70AB9100BBB1A0 /* ListMainReducer.swift */,
				B5C0A3E12D70AB9100BBB1A0 /* ListRequestReducer.swift */,
				B5C0A3E22D70AB9100BBB1A0 /* ListUIReducer.swift */,
				B5C0A3E32D70AB9100BBB1A0 /* ListReducer.swift */,
			);
			path = Reducers;
			sourceTree = "<group>";
		};
		B5C0A3F02D70ABB700BBB1A0 /* Reducers */ = {
			isa = PBXGroup;
			children = (
				B5C0A3EB2D70ABB700BBB1A0 /* DetailsMainReducer.swift */,
				B5C0A3EC2D70ABB700BBB1A0 /* DetailsDataReducer.swift */,
				B5C0A3ED2D70ABB700BBB1A0 /* DetailsRequestReducer.swift */,
				B5C0A3EE2D70ABB700BBB1A0 /* DetailsUIReducer.swift */,
				B5C0A3EF2D70ABB700BBB1A0 /* DetailsReducer.swift */,
			);
			path = Reducers;
			sourceTree = "<group>";
		};
		B5C0A3FC2D70ABCB00BBB1A0 /* Reducers */ = {
			isa = PBXGroup;
			children = (
				B5C0A3F82D70ABCB00BBB1A0 /* FavoritesMainReducer.swift */,
				B5C0A3F92D70ABCB00BBB1A0 /* FavoritesDataReducer.swift */,
				B5C0A3FA2D70ABCB00BBB1A0 /* FavoritesUIReducer.swift */,
				B5C0A3FB2D70ABCB00BBB1A0 /* FavoritesReducer.swift */,
			);
			path = Reducers;
			sourceTree = "<group>";
		};
		B5C0A4032D70AC2300BBB1A0 /* Data */ = {
			isa = PBXGroup;
			children = (
				B5C0A4042D70AC2B00BBB1A0 /* DataManager.swift */,
			);
			path = Data;
			sourceTree = "<group>";
		};
/* End PBXGroup section */

/* Begin PBXNativeTarget section */
		1D1953842D56C74200460186 /* LegionTest */ = {
			isa = PBXNativeTarget;
			buildConfigurationList = 1D1953932D56C74400460186 /* Build configuration list for PBXNativeTarget "LegionTest" */;
			buildPhases = (
				1D1953812D56C74200460186 /* Sources */,
				1D1953822D56C74200460186 /* Frameworks */,
				1D1953832D56C74200460186 /* Resources */,
				1D1953BA2D56E3D300460186 /* Embed Frameworks */,
			);
			buildRules = (
			);
			dependencies = (
			);
			name = LegionTest;
			packageProductDependencies = (
				B5C0A3CB2D70AB3D00BBB1A0 /* ComposableArchitecture */,
				B5C0A3CE2D70AB4300BBB1A0 /* Sharing */,
			);
			productName = LegionTest;
			productReference = 1D1953852D56C74200460186 /* LegionTest.app */;
			productType = "com.apple.product-type.application";
		};
/* End PBXNativeTarget section */

/* Begin PBXProject section */
		1D19537D2D56C74200460186 /* Project object */ = {
			isa = PBXProject;
			attributes = {
				BuildIndependentTargetsInParallel = 1;
				LastSwiftUpdateCheck = 1620;
				LastUpgradeCheck = 1620;
				TargetAttributes = {
					1D1953842D56C74200460186 = {
						CreatedOnToolsVersion = 16.2;
					};
				};
			};
			buildConfigurationList = 1D1953802D56C74200460186 /* Build configuration list for PBXProject "LegionTest" */;
			developmentRegion = en;
			hasScannedForEncodings = 0;
			knownRegions = (
				en,
				Base,
			);
			mainGroup = 1D19537C2D56C74200460186;
			minimizedProjectReferenceProxies = 1;
			packageReferences = (
				B5C0A3CA2D70AB3D00BBB1A0 /* XCRemoteSwiftPackageReference "swift-composable-architecture" */,
				B5C0A3CD2D70AB4300BBB1A0 /* XCRemoteSwiftPackageReference "swift-sharing" */,
			);
			preferredProjectObjectVersion = 77;
			productRefGroup = 1D1953862D56C74200460186 /* Products */;
			projectDirPath = "";
			projectRoot = "";
			targets = (
				1D1953842D56C74200460186 /* LegionTest */,
			);
		};
/* End PBXProject section */

/* Begin PBXResourcesBuildPhase section */
		1D1953832D56C74200460186 /* Resources */ = {
			isa = PBXResourcesBuildPhase;
			buildActionMask = 2147483647;
			files = (
				1D19539E2D56C74B00460186 /* Preview Assets.xcassets in Resources */,
				1D19539F2D56C74B00460186 /* Assets.xcassets in Resources */,
			);
			runOnlyForDeploymentPostprocessing = 0;
		};
/* End PBXResourcesBuildPhase section */

/* Begin PBXSourcesBuildPhase section */
		1D1953812D56C74200460186 /* Sources */ = {
			isa = PBXSourcesBuildPhase;
			buildActionMask = 2147483647;
			files = (
				1D1CD8992D5C8F23006F8CFB /* UserResponce.swift in Sources */,
				B5C0A3E52D70AB9100BBB1A0 /* ListMainReducer.swift in Sources */,
				B5C0A3E62D70AB9100BBB1A0 /* ListUIReducer.swift in Sources */,
				B5C0A3E72D70AB9100BBB1A0 /* ListReducer.swift in Sources */,
				B5C0A3E82D70AB9100BBB1A0 /* ListRequestReducer.swift in Sources */,
				1D1953B52D56DFCA00460186 /* CollectionView.swift in Sources */,
				B5C0A3DD2D70AB6E00BBB1A0 /* AppView.swift in Sources */,
				B5C0A3EA2D70AB9A00BBB1A0 /* ListView.swift in Sources */,
				1D1953A32D56CBD900460186 /* GithubAPI.swift in Sources */,
				B5C0A3FD2D70ABCB00BBB1A0 /* FavoritesReducer.swift in Sources */,
				B5C0A3FE2D70ABCB00BBB1A0 /* FavoritesUIReducer.swift in Sources */,
				B5C0A3FF2D70ABCB00BBB1A0 /* FavoritesMainReducer.swift in Sources */,
				B5C0A4002D70ABCB00BBB1A0 /* FavoritesDataReducer.swift in Sources */,
				B5C0A3F12D70ABB700BBB1A0 /* DetailsRequestReducer.swift in Sources */,
				B5C0A3F22D70ABB700BBB1A0 /* DetailsMainReducer.swift in Sources */,
				B5C0A4022D70ABD000BBB1A0 /* FavoritesView.swift in Sources */,
				B5C0A3F32D70ABB700BBB1A0 /* DetailsReducer.swift in Sources */,
				B5C0A4052D70AC2B00BBB1A0 /* DataManager.swift in Sources */,
				B5C0A3F42D70ABB700BBB1A0 /* DetailsDataReducer.swift in Sources */,
				B5C0A3F52D70ABB700BBB1A0 /* DetailsUIReducer.swift in Sources */,
				1D1953B02D56CD8E00460186 /* NetworkManager.swift in Sources */,
				1D1953B32D56CF9800460186 /* SearchView.swift in Sources */,
				1D1953C02D56F50600460186 /* RepoModel.swift in Sources */,
				B5C0A3F72D70ABBC00BBB1A0 /* DetailsView.swift in Sources */,
				1D19539D2D56C74B00460186 /* LegionTestApp.swift in Sources */,
				1D1953BE2D56EE6E00460186 /* SearchResponce.swift in Sources */,
				1D300FCB2D5ED24A00708579 /* UserModel.swift in Sources */,
				B5C0A3DF2D70AB8000BBB1A0 /* AppReducer.swift in Sources */,
			);
			runOnlyForDeploymentPostprocessing = 0;
		};
/* End PBXSourcesBuildPhase section */

/* Begin XCBuildConfiguration section */
		1D1953912D56C74400460186 /* Debug */ = {
			isa = XCBuildConfiguration;
			buildSettings = {
				ALWAYS_SEARCH_USER_PATHS = NO;
				ASSETCATALOG_COMPILER_GENERATE_SWIFT_ASSET_SYMBOL_EXTENSIONS = YES;
				CLANG_ANALYZER_NONNULL = YES;
				CLANG_ANALYZER_NUMBER_OBJECT_CONVERSION = YES_AGGRESSIVE;
				CLANG_CXX_LANGUAGE_STANDARD = "gnu++20";
				CLANG_ENABLE_MODULES = YES;
				CLANG_ENABLE_OBJC_ARC = YES;
				CLANG_ENABLE_OBJC_WEAK = YES;
				CLANG_WARN_BLOCK_CAPTURE_AUTORELEASING = YES;
				CLANG_WARN_BOOL_CONVERSION = YES;
				CLANG_WARN_COMMA = YES;
				CLANG_WARN_CONSTANT_CONVERSION = YES;
				CLANG_WARN_DEPRECATED_OBJC_IMPLEMENTATIONS = YES;
				CLANG_WARN_DIRECT_OBJC_ISA_USAGE = YES_ERROR;
				CLANG_WARN_DOCUMENTATION_COMMENTS = YES;
				CLANG_WARN_EMPTY_BODY = YES;
				CLANG_WARN_ENUM_CONVERSION = YES;
				CLANG_WARN_INFINITE_RECURSION = YES;
				CLANG_WARN_INT_CONVERSION = YES;
				CLANG_WARN_NON_LITERAL_NULL_CONVERSION = YES;
				CLANG_WARN_OBJC_IMPLICIT_RETAIN_SELF = YES;
				CLANG_WARN_OBJC_LITERAL_CONVERSION = YES;
				CLANG_WARN_OBJC_ROOT_CLASS = YES_ERROR;
				CLANG_WARN_QUOTED_INCLUDE_IN_FRAMEWORK_HEADER = YES;
				CLANG_WARN_RANGE_LOOP_ANALYSIS = YES;
				CLANG_WARN_STRICT_PROTOTYPES = YES;
				CLANG_WARN_SUSPICIOUS_MOVE = YES;
				CLANG_WARN_UNGUARDED_AVAILABILITY = YES_AGGRESSIVE;
				CLANG_WARN_UNREACHABLE_CODE = YES;
				CLANG_WARN__DUPLICATE_METHOD_MATCH = YES;
				COPY_PHASE_STRIP = NO;
				DEBUG_INFORMATION_FORMAT = dwarf;
				ENABLE_STRICT_OBJC_MSGSEND = YES;
				ENABLE_TESTABILITY = YES;
				ENABLE_USER_SCRIPT_SANDBOXING = YES;
				GCC_C_LANGUAGE_STANDARD = gnu17;
				GCC_DYNAMIC_NO_PIC = NO;
				GCC_NO_COMMON_BLOCKS = YES;
				GCC_OPTIMIZATION_LEVEL = 0;
				GCC_PREPROCESSOR_DEFINITIONS = (
					"DEBUG=1",
					"$(inherited)",
				);
				GCC_WARN_64_TO_32_BIT_CONVERSION = YES;
				GCC_WARN_ABOUT_RETURN_TYPE = YES_ERROR;
				GCC_WARN_UNDECLARED_SELECTOR = YES;
				GCC_WARN_UNINITIALIZED_AUTOS = YES_AGGRESSIVE;
				GCC_WARN_UNUSED_FUNCTION = YES;
				GCC_WARN_UNUSED_VARIABLE = YES;
				IPHONEOS_DEPLOYMENT_TARGET = 18.2;
				LOCALIZATION_PREFERS_STRING_CATALOGS = YES;
				MTL_ENABLE_DEBUG_INFO = INCLUDE_SOURCE;
				MTL_FAST_MATH = YES;
				ONLY_ACTIVE_ARCH = YES;
				SDKROOT = iphoneos;
				SWIFT_ACTIVE_COMPILATION_CONDITIONS = "DEBUG $(inherited)";
				SWIFT_OPTIMIZATION_LEVEL = "-Onone";
				SWIFT_UPCOMING_FEATURE_INFER_SENDABLE_FROM_CAPTURES = YES;
			};
			name = Debug;
		};
		1D1953922D56C74400460186 /* Release */ = {
			isa = XCBuildConfiguration;
			buildSettings = {
				ALWAYS_SEARCH_USER_PATHS = NO;
				ASSETCATALOG_COMPILER_GENERATE_SWIFT_ASSET_SYMBOL_EXTENSIONS = YES;
				CLANG_ANALYZER_NONNULL = YES;
				CLANG_ANALYZER_NUMBER_OBJECT_CONVERSION = YES_AGGRESSIVE;
				CLANG_CXX_LANGUAGE_STANDARD = "gnu++20";
				CLANG_ENABLE_MODULES = YES;
				CLANG_ENABLE_OBJC_ARC = YES;
				CLANG_ENABLE_OBJC_WEAK = YES;
				CLANG_WARN_BLOCK_CAPTURE_AUTORELEASING = YES;
				CLANG_WARN_BOOL_CONVERSION = YES;
				CLANG_WARN_COMMA = YES;
				CLANG_WARN_CONSTANT_CONVERSION = YES;
				CLANG_WARN_DEPRECATED_OBJC_IMPLEMENTATIONS = YES;
				CLANG_WARN_DIRECT_OBJC_ISA_USAGE = YES_ERROR;
				CLANG_WARN_DOCUMENTATION_COMMENTS = YES;
				CLANG_WARN_EMPTY_BODY = YES;
				CLANG_WARN_ENUM_CONVERSION = YES;
				CLANG_WARN_INFINITE_RECURSION = YES;
				CLANG_WARN_INT_CONVERSION = YES;
				CLANG_WARN_NON_LITERAL_NULL_CONVERSION = YES;
				CLANG_WARN_OBJC_IMPLICIT_RETAIN_SELF = YES;
				CLANG_WARN_OBJC_LITERAL_CONVERSION = YES;
				CLANG_WARN_OBJC_ROOT_CLASS = YES_ERROR;
				CLANG_WARN_QUOTED_INCLUDE_IN_FRAMEWORK_HEADER = YES;
				CLANG_WARN_RANGE_LOOP_ANALYSIS = YES;
				CLANG_WARN_STRICT_PROTOTYPES = YES;
				CLANG_WARN_SUSPICIOUS_MOVE = YES;
				CLANG_WARN_UNGUARDED_AVAILABILITY = YES_AGGRESSIVE;
				CLANG_WARN_UNREACHABLE_CODE = YES;
				CLANG_WARN__DUPLICATE_METHOD_MATCH = YES;
				COPY_PHASE_STRIP = NO;
				DEBUG_INFORMATION_FORMAT = "dwarf-with-dsym";
				ENABLE_NS_ASSERTIONS = NO;
				ENABLE_STRICT_OBJC_MSGSEND = YES;
				ENABLE_USER_SCRIPT_SANDBOXING = YES;
				GCC_C_LANGUAGE_STANDARD = gnu17;
				GCC_NO_COMMON_BLOCKS = YES;
				GCC_WARN_64_TO_32_BIT_CONVERSION = YES;
				GCC_WARN_ABOUT_RETURN_TYPE = YES_ERROR;
				GCC_WARN_UNDECLARED_SELECTOR = YES;
				GCC_WARN_UNINITIALIZED_AUTOS = YES_AGGRESSIVE;
				GCC_WARN_UNUSED_FUNCTION = YES;
				GCC_WARN_UNUSED_VARIABLE = YES;
				IPHONEOS_DEPLOYMENT_TARGET = 18.2;
				LOCALIZATION_PREFERS_STRING_CATALOGS = YES;
				MTL_ENABLE_DEBUG_INFO = NO;
				MTL_FAST_MATH = YES;
				SDKROOT = iphoneos;
				SWIFT_COMPILATION_MODE = wholemodule;
				SWIFT_UPCOMING_FEATURE_INFER_SENDABLE_FROM_CAPTURES = YES;
				VALIDATE_PRODUCT = YES;
			};
			name = Release;
		};
		1D1953942D56C74400460186 /* Debug */ = {
			isa = XCBuildConfiguration;
			buildSettings = {
				ASSETCATALOG_COMPILER_APPICON_NAME = AppIcon;
				ASSETCATALOG_COMPILER_GLOBAL_ACCENT_COLOR_NAME = AccentColor;
				ASSETCATALOG_COMPILER_INCLUDE_ALL_APPICON_ASSETS = YES;
				CODE_SIGN_STYLE = Automatic;
				CURRENT_PROJECT_VERSION = 1;
				DEVELOPMENT_ASSET_PATHS = "\"LegionTest/Resources\"";
				DEVELOPMENT_TEAM = CCJ53Q5CP4;
				ENABLE_PREVIEWS = YES;
				GENERATE_INFOPLIST_FILE = YES;
				INFOPLIST_KEY_UIApplicationSceneManifest_Generation = YES;
				INFOPLIST_KEY_UIApplicationSupportsIndirectInputEvents = YES;
				INFOPLIST_KEY_UILaunchScreen_Generation = YES;
				INFOPLIST_KEY_UISupportedInterfaceOrientations_iPad = "UIInterfaceOrientationPortrait UIInterfaceOrientationPortraitUpsideDown UIInterfaceOrientationLandscapeLeft UIInterfaceOrientationLandscapeRight";
				INFOPLIST_KEY_UISupportedInterfaceOrientations_iPhone = "UIInterfaceOrientationPortrait UIInterfaceOrientationLandscapeLeft UIInterfaceOrientationLandscapeRight";
				IPHONEOS_DEPLOYMENT_TARGET = 16.0;
				LD_RUNPATH_SEARCH_PATHS = (
					"$(inherited)",
					"@executable_path/Frameworks",
				);
				MARKETING_VERSION = 1.0;
				PRODUCT_BUNDLE_IDENTIFIER = testLegion.LegionTest;
				PRODUCT_NAME = "$(TARGET_NAME)";
				SWIFT_EMIT_LOC_STRINGS = YES;
				SWIFT_STRICT_CONCURRENCY = complete;
				SWIFT_VERSION = 5.0;
				TARGETED_DEVICE_FAMILY = "1,2";
			};
			name = Debug;
		};
		1D1953952D56C74400460186 /* Release */ = {
			isa = XCBuildConfiguration;
			buildSettings = {
				ASSETCATALOG_COMPILER_APPICON_NAME = AppIcon;
				ASSETCATALOG_COMPILER_GLOBAL_ACCENT_COLOR_NAME = AccentColor;
				ASSETCATALOG_COMPILER_INCLUDE_ALL_APPICON_ASSETS = YES;
				CODE_SIGN_STYLE = Automatic;
				CURRENT_PROJECT_VERSION = 1;
				DEVELOPMENT_ASSET_PATHS = "\"LegionTest/Resources\"";
				DEVELOPMENT_TEAM = CCJ53Q5CP4;
				ENABLE_PREVIEWS = YES;
				GENERATE_INFOPLIST_FILE = YES;
				INFOPLIST_KEY_UIApplicationSceneManifest_Generation = YES;
				INFOPLIST_KEY_UIApplicationSupportsIndirectInputEvents = YES;
				INFOPLIST_KEY_UILaunchScreen_Generation = YES;
				INFOPLIST_KEY_UISupportedInterfaceOrientations_iPad = "UIInterfaceOrientationPortrait UIInterfaceOrientationPortraitUpsideDown UIInterfaceOrientationLandscapeLeft UIInterfaceOrientationLandscapeRight";
				INFOPLIST_KEY_UISupportedInterfaceOrientations_iPhone = "UIInterfaceOrientationPortrait UIInterfaceOrientationLandscapeLeft UIInterfaceOrientationLandscapeRight";
				IPHONEOS_DEPLOYMENT_TARGET = 16.0;
				LD_RUNPATH_SEARCH_PATHS = (
					"$(inherited)",
					"@executable_path/Frameworks",
				);
				MARKETING_VERSION = 1.0;
				PRODUCT_BUNDLE_IDENTIFIER = testLegion.LegionTest;
				PRODUCT_NAME = "$(TARGET_NAME)";
				SWIFT_EMIT_LOC_STRINGS = YES;
				SWIFT_STRICT_CONCURRENCY = complete;
				SWIFT_VERSION = 5.0;
				TARGETED_DEVICE_FAMILY = "1,2";
			};
			name = Release;
		};
/* End XCBuildConfiguration section */

/* Begin XCConfigurationList section */
		1D1953802D56C74200460186 /* Build configuration list for PBXProject "LegionTest" */ = {
			isa = XCConfigurationList;
			buildConfigurations = (
				1D1953912D56C74400460186 /* Debug */,
				1D1953922D56C74400460186 /* Release */,
			);
			defaultConfigurationIsVisible = 0;
			defaultConfigurationName = Release;
		};
		1D1953932D56C74400460186 /* Build configuration list for PBXNativeTarget "LegionTest" */ = {
			isa = XCConfigurationList;
			buildConfigurations = (
				1D1953942D56C74400460186 /* Debug */,
				1D1953952D56C74400460186 /* Release */,
			);
			defaultConfigurationIsVisible = 0;
			defaultConfigurationName = Release;
		};
/* End XCConfigurationList section */

/* Begin XCRemoteSwiftPackageReference section */
		B5C0A3CA2D70AB3D00BBB1A0 /* XCRemoteSwiftPackageReference "swift-composable-architecture" */ = {
			isa = XCRemoteSwiftPackageReference;
			repositoryURL = "https://github.com/pointfreeco/swift-composable-architecture";
			requirement = {
				kind = upToNextMajorVersion;
				minimumVersion = 1.17.1;
			};
		};
		B5C0A3CD2D70AB4300BBB1A0 /* XCRemoteSwiftPackageReference "swift-sharing" */ = {
			isa = XCRemoteSwiftPackageReference;
			repositoryURL = "https://github.com/pointfreeco/swift-sharing";
			requirement = {
				kind = upToNextMajorVersion;
				minimumVersion = 2.3.3;
			};
		};
/* End XCRemoteSwiftPackageReference section */

/* Begin XCSwiftPackageProductDependency section */
		B5C0A3CB2D70AB3D00BBB1A0 /* ComposableArchitecture */ = {
			isa = XCSwiftPackageProductDependency;
			package = B5C0A3CA2D70AB3D00BBB1A0 /* XCRemoteSwiftPackageReference "swift-composable-architecture" */;
			productName = ComposableArchitecture;
		};
		B5C0A3CE2D70AB4300BBB1A0 /* Sharing */ = {
			isa = XCSwiftPackageProductDependency;
			package = B5C0A3CD2D70AB4300BBB1A0 /* XCRemoteSwiftPackageReference "swift-sharing" */;
			productName = Sharing;
		};
/* End XCSwiftPackageProductDependency section */
	};
	rootObject = 1D19537D2D56C74200460186 /* Project object */;
}
